
Microsoft Visual Studio Solution File, Format Version 12.00
# Visual Studio Version 17
VisualStudioVersion = 17.14.36221.1 d17.14
MinimumVisualStudioVersion = 10.0.40219.1
Project("{FAE04EC0-301F-11D3-BF4B-00C04F79EFBC}") = "Console All", "Console All.csproj", "{241F2174-5E8A-446C-96C1-93417D688BAC}"
EndProject
Project("{FAE04EC0-301F-11D3-BF4B-00C04F79EFBC}") = "WebApplication1", "..\WebApplication1\WebApplication1.csproj", "{DC1B9E0C-75EC-4DCA-ACE4-31FC7CB211A0}"
EndProject
Global
	GlobalSection(SolutionConfigurationPlatforms) = preSolution
		Debug|Any CPU = Debug|Any CPU
		Release|Any CPU = Release|Any CPU
	EndGlobalSection
	GlobalSection(ProjectConfigurationPlatforms) = postSolution
		{241F2174-5E8A-446C-96C1-93417D688BAC}.Debug|Any CPU.ActiveCfg = Debug|Any CPU
		{241F2174-5E8A-446C-96C1-93417D688BAC}.Debug|Any CPU.Build.0 = Debug|Any CPU
		{241F2174-5E8A-446C-96C1-93417D688BAC}.Release|Any CPU.ActiveCfg = Release|Any CPU
		{241F2174-5E8A-446C-96C1-93417D688BAC}.Release|Any CPU.Build.0 = Release|Any CPU
		{DC1B9E0C-75EC-4DCA-ACE4-31FC7CB211A0}.Debug|Any CPU.ActiveCfg = Debug|Any CPU
		{DC1B9E0C-75EC-4DCA-ACE4-31FC7CB211A0}.Debug|Any CPU.Build.0 = Debug|Any CPU
		{DC1B9E0C-75EC-4DCA-ACE4-31FC7CB211A0}.Release|Any CPU.ActiveCfg = Release|Any CPU
		{DC1B9E0C-75EC-4DCA-ACE4-31FC7CB211A0}.Release|Any CPU.Build.0 = Release|Any CPU
	EndGlobalSection
	GlobalSection(SolutionProperties) = preSolution
		HideSolutionNode = FALSE
	EndGlobalSection
	GlobalSection(ExtensibilityGlobals) = postSolution
		SolutionGuid = {56318DFF-F0BF-437E-8DFF-F69C254E5D4F}
	EndGlobalSection
EndGlobal
